
Microsoft Visual Studio Solution File, Format Version 12.00
# Visual Studio Version 17
VisualStudioVersion = 17.1.32210.238
MinimumVisualStudioVersion = 10.0.40219.1
Project("{FAE04EC0-301F-11D3-BF4B-00C04F79EFBC}") = "WinSAT", "WinSAT\WinSAT.csproj", "{0B6D16E4-E3AA-425D-B1B0-E6E91C5BE60E}"
EndProject
Global
	GlobalSection(SolutionConfigurationPlatforms) = preSolution
		Debug|Any CPU = Debug|Any CPU
		Release|Any CPU = Release|Any CPU
	EndGlobalSection
	GlobalSection(ProjectConfigurationPlatforms) = postSolution
		{0B6D16E4-E3AA-425D-B1B0-E6E91C5BE60E}.Debug|Any CPU.ActiveCfg = Debug|Any CPU
		{0B6D16E4-E3AA-425D-B1B0-E6E91C5BE60E}.Debug|Any CPU.Build.0 = Debug|Any CPU
		{0B6D16E4-E3AA-425D-B1B0-E6E91C5BE60E}.Release|Any CPU.ActiveCfg = Release|Any CPU
		{0B6D16E4-E3AA-425D-B1B0-E6E91C5BE60E}.Release|Any CPU.Build.0 = Release|Any CPU
	EndGlobalSection
	GlobalSection(SolutionProperties) = preSolution
		HideSolutionNode = FALSE
	EndGlobalSection
	GlobalSection(ExtensibilityGlobals) = postSolution
		SolutionGuid = {7E397383-FE9A-4B74-945D-B7B5C7356AEA}
	EndGlobalSection
EndGlobal
