
Microsoft Visual Studio Solution File, Format Version 12.00
# Visual Studio Version 17
VisualStudioVersion = 17.1.32210.238
MinimumVisualStudioVersion = 10.0.40219.1
Project("{FAE04EC0-301F-11D3-BF4B-00C04F79EFBC}") = "MultiLanguage", "MultiLanguage\MultiLanguage.csproj", "{802B15B1-7DD9-42A7-980B-400B99C0311B}"
EndProject
Global
	GlobalSection(SolutionConfigurationPlatforms) = preSolution
		Debug|Any CPU = Debug|Any CPU
		Release|Any CPU = Release|Any CPU
	EndGlobalSection
	GlobalSection(ProjectConfigurationPlatforms) = postSolution
		{802B15B1-7DD9-42A7-980B-400B99C0311B}.Debug|Any CPU.ActiveCfg = Debug|Any CPU
		{802B15B1-7DD9-42A7-980B-400B99C0311B}.Debug|Any CPU.Build.0 = Debug|Any CPU
		{802B15B1-7DD9-42A7-980B-400B99C0311B}.Release|Any CPU.ActiveCfg = Release|Any CPU
		{802B15B1-7DD9-42A7-980B-400B99C0311B}.Release|Any CPU.Build.0 = Release|Any CPU
	EndGlobalSection
	GlobalSection(SolutionProperties) = preSolution
		HideSolutionNode = FALSE
	EndGlobalSection
	GlobalSection(ExtensibilityGlobals) = postSolution
		SolutionGuid = {0B4D764F-B867-4746-882C-3A3CD393B5B5}
	EndGlobalSection
EndGlobal
