
Microsoft Visual Studio Solution File, Format Version 12.00
# Visual Studio Version 17
VisualStudioVersion = 17.1.32210.238
MinimumVisualStudioVersion = 10.0.40219.1
Project("{FAE04EC0-301F-11D3-BF4B-00C04F79EFBC}") = "UserLineChart", "UserLineChart\UserLineChart.csproj", "{CC46C1BB-BC5D-46F6-94B8-C182E174FF22}"
EndProject
Global
	GlobalSection(SolutionConfigurationPlatforms) = preSolution
		Debug|Any CPU = Debug|Any CPU
		Release|Any CPU = Release|Any CPU
	EndGlobalSection
	GlobalSection(ProjectConfigurationPlatforms) = postSolution
		{CC46C1BB-BC5D-46F6-94B8-C182E174FF22}.Debug|Any CPU.ActiveCfg = Debug|Any CPU
		{CC46C1BB-BC5D-46F6-94B8-C182E174FF22}.Debug|Any CPU.Build.0 = Debug|Any CPU
		{CC46C1BB-BC5D-46F6-94B8-C182E174FF22}.Release|Any CPU.ActiveCfg = Release|Any CPU
		{CC46C1BB-BC5D-46F6-94B8-C182E174FF22}.Release|Any CPU.Build.0 = Release|Any CPU
	EndGlobalSection
	GlobalSection(SolutionProperties) = preSolution
		HideSolutionNode = FALSE
	EndGlobalSection
	GlobalSection(ExtensibilityGlobals) = postSolution
		SolutionGuid = {8D9C5B75-6523-432C-870F-F31F1F8A9439}
	EndGlobalSection
EndGlobal
