
Microsoft Visual Studio Solution File, Format Version 12.00
# Visual Studio Version 17
VisualStudioVersion = 17.6.33801.468
MinimumVisualStudioVersion = 10.0.40219.1
Project("{FAE04EC0-301F-11D3-BF4B-00C04F79EFBC}") = "CPUUsageRecorder", "CPUUsageRecorder\CPUUsageRecorder.csproj", "{53872161-937C-43A0-B5B3-2DFF78F01D6D}"
EndProject
Global
	GlobalSection(SolutionConfigurationPlatforms) = preSolution
		Debug|Any CPU = Debug|Any CPU
		Release|Any CPU = Release|Any CPU
	EndGlobalSection
	GlobalSection(ProjectConfigurationPlatforms) = postSolution
		{53872161-937C-43A0-B5B3-2DFF78F01D6D}.Debug|Any CPU.ActiveCfg = Debug|Any CPU
		{53872161-937C-43A0-B5B3-2DFF78F01D6D}.Debug|Any CPU.Build.0 = Debug|Any CPU
		{53872161-937C-43A0-B5B3-2DFF78F01D6D}.Release|Any CPU.ActiveCfg = Release|Any CPU
		{53872161-937C-43A0-B5B3-2DFF78F01D6D}.Release|Any CPU.Build.0 = Release|Any CPU
	EndGlobalSection
	GlobalSection(SolutionProperties) = preSolution
		HideSolutionNode = FALSE
	EndGlobalSection
	GlobalSection(ExtensibilityGlobals) = postSolution
		SolutionGuid = {76589049-BAA6-47E7-A5EE-0CB598A36EB3}
	EndGlobalSection
EndGlobal
