
Microsoft Visual Studio Solution File, Format Version 12.00
# Visual Studio Version 16
VisualStudioVersion = 16.0.32630.194
MinimumVisualStudioVersion = 10.0.40219.1
Project("{FAE04EC0-301F-11D3-BF4B-00C04F79EFBC}") = "AudioPlayer", "AudioPlayer\AudioPlayer.csproj", "{E7D7149F-D849-47E1-8200-70B146B96FCD}"
EndProject
Global
	GlobalSection(SolutionConfigurationPlatforms) = preSolution
		Debug|Any CPU = Debug|Any CPU
		Release|Any CPU = Release|Any CPU
	EndGlobalSection
	GlobalSection(ProjectConfigurationPlatforms) = postSolution
		{E7D7149F-D849-47E1-8200-70B146B96FCD}.Debug|Any CPU.ActiveCfg = Debug|Any CPU
		{E7D7149F-D849-47E1-8200-70B146B96FCD}.Debug|Any CPU.Build.0 = Debug|Any CPU
		{E7D7149F-D849-47E1-8200-70B146B96FCD}.Release|Any CPU.ActiveCfg = Release|Any CPU
		{E7D7149F-D849-47E1-8200-70B146B96FCD}.Release|Any CPU.Build.0 = Release|Any CPU
	EndGlobalSection
	GlobalSection(SolutionProperties) = preSolution
		HideSolutionNode = FALSE
	EndGlobalSection
	GlobalSection(ExtensibilityGlobals) = postSolution
		SolutionGuid = {510031DE-997E-4421-AB45-9A30C2FE3581}
	EndGlobalSection
EndGlobal
